
Microsoft Visual Studio Solution File, Format Version 12.00
# Visual Studio Version 16
VisualStudioVersion = 16.0.31402.337
MinimumVisualStudioVersion = 10.0.40219.1
Project("{FAE04EC0-301F-11D3-BF4B-00C04F79EFBC}") = "AdvAddressBook", "AdvAddressBook.csproj", "{8CB8D010-2D1E-4FD2-B737-D1EE28EA3A24}"
EndProject
Global
	GlobalSection(SolutionConfigurationPlatforms) = preSolution
		Debug|Any CPU = Debug|Any CPU
		Release|Any CPU = Release|Any CPU
	EndGlobalSection
	GlobalSection(ProjectConfigurationPlatforms) = postSolution
		{8CB8D010-2D1E-4FD2-B737-D1EE28EA3A24}.Debug|Any CPU.ActiveCfg = Debug|Any CPU
		{8CB8D010-2D1E-4FD2-B737-D1EE28EA3A24}.Debug|Any CPU.Build.0 = Debug|Any CPU
		{8CB8D010-2D1E-4FD2-B737-D1EE28EA3A24}.Release|Any CPU.ActiveCfg = Release|Any CPU
		{8CB8D010-2D1E-4FD2-B737-D1EE28EA3A24}.Release|Any CPU.Build.0 = Release|Any CPU
	EndGlobalSection
	GlobalSection(SolutionProperties) = preSolution
		HideSolutionNode = FALSE
	EndGlobalSection
	GlobalSection(ExtensibilityGlobals) = postSolution
		SolutionGuid = {CABF6CF0-3A06-4710-8E6D-7892AAD6163A}
	EndGlobalSection
EndGlobal
